
Microsoft Visual Studio Solution File, Format Version 12.00
# Visual Studio Version 17
VisualStudioVersion = 17.10.35027.167
MinimumVisualStudioVersion = 10.0.40219.1
Project("{FAE04EC0-301F-11D3-BF4B-00C04F79EFBC}") = "703ass2", "703ass2\703ass2.csproj", "{DA56365B-52E2-419E-8CEB-E8AE89FBE63E}"
EndProject
Global
	GlobalSection(SolutionConfigurationPlatforms) = preSolution
		Debug|Any CPU = Debug|Any CPU
		Release|Any CPU = Release|Any CPU
	EndGlobalSection
	GlobalSection(ProjectConfigurationPlatforms) = postSolution
		{DA56365B-52E2-419E-8CEB-E8AE89FBE63E}.Debug|Any CPU.ActiveCfg = Debug|Any CPU
		{DA56365B-52E2-419E-8CEB-E8AE89FBE63E}.Debug|Any CPU.Build.0 = Debug|Any CPU
		{DA56365B-52E2-419E-8CEB-E8AE89FBE63E}.Release|Any CPU.ActiveCfg = Release|Any CPU
		{DA56365B-52E2-419E-8CEB-E8AE89FBE63E}.Release|Any CPU.Build.0 = Release|Any CPU
	EndGlobalSection
	GlobalSection(SolutionProperties) = preSolution
		HideSolutionNode = FALSE
	EndGlobalSection
	GlobalSection(ExtensibilityGlobals) = postSolution
		SolutionGuid = {401E39CD-A731-4547-AA71-0E8F339810C0}
	EndGlobalSection
EndGlobal
