
Microsoft Visual Studio Solution File, Format Version 12.00
# Visual Studio Version 17
VisualStudioVersion = 17.10.35027.167
MinimumVisualStudioVersion = 10.0.40219.1
Project("{9A19103F-16F7-4668-BE54-9A1E7A4F7556}") = "702assignment2", "702assignment2\702assignment2.csproj", "{94DD2E76-B5F8-4E8B-93F8-AC1CC358EBE4}"
EndProject
Global
	GlobalSection(SolutionConfigurationPlatforms) = preSolution
		Debug|Any CPU = Debug|Any CPU
		Release|Any CPU = Release|Any CPU
	EndGlobalSection
	GlobalSection(ProjectConfigurationPlatforms) = postSolution
		{94DD2E76-B5F8-4E8B-93F8-AC1CC358EBE4}.Debug|Any CPU.ActiveCfg = Debug|Any CPU
		{94DD2E76-B5F8-4E8B-93F8-AC1CC358EBE4}.Debug|Any CPU.Build.0 = Debug|Any CPU
		{94DD2E76-B5F8-4E8B-93F8-AC1CC358EBE4}.Release|Any CPU.ActiveCfg = Release|Any CPU
		{94DD2E76-B5F8-4E8B-93F8-AC1CC358EBE4}.Release|Any CPU.Build.0 = Release|Any CPU
	EndGlobalSection
	GlobalSection(SolutionProperties) = preSolution
		HideSolutionNode = FALSE
	EndGlobalSection
	GlobalSection(ExtensibilityGlobals) = postSolution
		SolutionGuid = {0E6FC302-B612-4EE8-B3F1-9BA103BACF75}
	EndGlobalSection
EndGlobal
